
Microsoft Visual Studio Solution File, Format Version 12.00
# Visual Studio Version 17
VisualStudioVersion = 17.10.35013.160
MinimumVisualStudioVersion = 10.0.40219.1
Project("{8BC9CEB8-8B4A-11D0-8D11-00A0C91BC942}") = "ForOpenCV", "ForOpenCV\ForOpenCV.vcxproj", "{1034FEFC-96D5-457A-B4BA-9D6669ADC80A}"
EndProject
Global
	GlobalSection(SolutionConfigurationPlatforms) = preSolution
		Debug|x64 = Debug|x64
		Debug|x86 = Debug|x86
		Release|x64 = Release|x64
		Release|x86 = Release|x86
	EndGlobalSection
	GlobalSection(ProjectConfigurationPlatforms) = postSolution
		{1034FEFC-96D5-457A-B4BA-9D6669ADC80A}.Debug|x64.ActiveCfg = Debug|x64
		{1034FEFC-96D5-457A-B4BA-9D6669ADC80A}.Debug|x64.Build.0 = Debug|x64
		{1034FEFC-96D5-457A-B4BA-9D6669ADC80A}.Debug|x86.ActiveCfg = Debug|Win32
		{1034FEFC-96D5-457A-B4BA-9D6669ADC80A}.Debug|x86.Build.0 = Debug|Win32
		{1034FEFC-96D5-457A-B4BA-9D6669ADC80A}.Release|x64.ActiveCfg = Release|x64
		{1034FEFC-96D5-457A-B4BA-9D6669ADC80A}.Release|x64.Build.0 = Release|x64
		{1034FEFC-96D5-457A-B4BA-9D6669ADC80A}.Release|x86.ActiveCfg = Release|Win32
		{1034FEFC-96D5-457A-B4BA-9D6669ADC80A}.Release|x86.Build.0 = Release|Win32
	EndGlobalSection
	GlobalSection(SolutionProperties) = preSolution
		HideSolutionNode = FALSE
	EndGlobalSection
	GlobalSection(ExtensibilityGlobals) = postSolution
		SolutionGuid = {883EB19D-3A9E-400B-A11C-6A2C562F3330}
	EndGlobalSection
EndGlobal
